
Microsoft Visual Studio Solution File, Format Version 12.00
# Visual Studio Version 17
VisualStudioVersion = 17.3.32929.385
MinimumVisualStudioVersion = 10.0.40219.1
Project("{FAE04EC0-301F-11D3-BF4B-00C04F79EFBC}") = "WebClient", "WebClient\WebClient.csproj", "{B29AD1B4-0DB5-4C60-958B-31C9F974E41F}"
EndProject
Project("{FAE04EC0-301F-11D3-BF4B-00C04F79EFBC}") = "WebModel", "WebModel\WebModel.csproj", "{2CA8FDFF-1C3C-4354-9393-38342113F8AF}"
EndProject
Project("{FAE04EC0-301F-11D3-BF4B-00C04F79EFBC}") = "WebAPI", "WebAPI\WebAPI.csproj", "{BA3F7CCE-A836-4DC5-A828-43B1A5C63B15}"
EndProject
Global
	GlobalSection(SolutionConfigurationPlatforms) = preSolution
		Debug|Any CPU = Debug|Any CPU
		Release|Any CPU = Release|Any CPU
	EndGlobalSection
	GlobalSection(ProjectConfigurationPlatforms) = postSolution
		{B29AD1B4-0DB5-4C60-958B-31C9F974E41F}.Debug|Any CPU.ActiveCfg = Debug|Any CPU
		{B29AD1B4-0DB5-4C60-958B-31C9F974E41F}.Debug|Any CPU.Build.0 = Debug|Any CPU
		{B29AD1B4-0DB5-4C60-958B-31C9F974E41F}.Release|Any CPU.ActiveCfg = Release|Any CPU
		{B29AD1B4-0DB5-4C60-958B-31C9F974E41F}.Release|Any CPU.Build.0 = Release|Any CPU
		{2CA8FDFF-1C3C-4354-9393-38342113F8AF}.Debug|Any CPU.ActiveCfg = Debug|Any CPU
		{2CA8FDFF-1C3C-4354-9393-38342113F8AF}.Debug|Any CPU.Build.0 = Debug|Any CPU
		{2CA8FDFF-1C3C-4354-9393-38342113F8AF}.Release|Any CPU.ActiveCfg = Release|Any CPU
		{2CA8FDFF-1C3C-4354-9393-38342113F8AF}.Release|Any CPU.Build.0 = Release|Any CPU
		{BA3F7CCE-A836-4DC5-A828-43B1A5C63B15}.Debug|Any CPU.ActiveCfg = Debug|Any CPU
		{BA3F7CCE-A836-4DC5-A828-43B1A5C63B15}.Debug|Any CPU.Build.0 = Debug|Any CPU
		{BA3F7CCE-A836-4DC5-A828-43B1A5C63B15}.Release|Any CPU.ActiveCfg = Release|Any CPU
		{BA3F7CCE-A836-4DC5-A828-43B1A5C63B15}.Release|Any CPU.Build.0 = Release|Any CPU
	EndGlobalSection
	GlobalSection(SolutionProperties) = preSolution
		HideSolutionNode = FALSE
	EndGlobalSection
	GlobalSection(ExtensibilityGlobals) = postSolution
		SolutionGuid = {7F5D6261-A182-4718-95DD-FDA00828A2D5}
	EndGlobalSection
EndGlobal
